{
  "name": "sql-optimizer-cli",
  "lockfileVersion": 3,
  "requires": true,
  "packages": {
    "": {
      "dependencies": {
        "sql-optimizer-cli-darwin-arm64": "^0.1.0"
      }
    },
    "node_modules/sql-optimizer-cli-darwin-arm64": {
      "version": "0.1.0",
      "resolved": "https://registry.npmjs.org/sql-optimizer-cli-darwin-arm64/-/sql-optimizer-cli-darwin-arm64-0.1.0.tgz",
      "integrity": "sha512-mCTDasfVqN0mgvo5IvTJU35Uzu+shxEb97Afh/r4SmVcgcKZFSdp23nNWajr3OPDls/6jX88gecYUxoVv/xXSg==",
      "cpu": [
        "arm64"
      ],
      "license": "MIT",
      "os": [
        "darwin"
      ]
    }
  }
}
